
Microsoft Visual Studio Solution File, Format Version 12.00
# Visual Studio Version 17
VisualStudioVersion = 17.4.33213.308
MinimumVisualStudioVersion = 10.0.40219.1
Project("{8BC9CEB8-8B4A-11D0-8D11-00A0C91BC942}") = "Flappy_Bird", "Flappy_Bird.vcxproj", "{E9FEEE0A-6113-4A79-ABA1-5B3C8E630587}"
EndProject
Project("{54435603-DBB4-11D2-8724-00A0C9A8B90C}") = "Setup", "Setup\Setup.vdproj", "{F1B4E166-5AD9-4C0C-B85E-89E1AFA717B4}"
EndProject
Global
	GlobalSection(SolutionConfigurationPlatforms) = preSolution
		Debug|x64 = Debug|x64
		Debug|x86 = Debug|x86
		Release|x64 = Release|x64
		Release|x86 = Release|x86
	EndGlobalSection
	GlobalSection(ProjectConfigurationPlatforms) = postSolution
		{E9FEEE0A-6113-4A79-ABA1-5B3C8E630587}.Debug|x64.ActiveCfg = Debug|x64
		{E9FEEE0A-6113-4A79-ABA1-5B3C8E630587}.Debug|x64.Build.0 = Debug|x64
		{E9FEEE0A-6113-4A79-ABA1-5B3C8E630587}.Debug|x86.ActiveCfg = Debug|Win32
		{E9FEEE0A-6113-4A79-ABA1-5B3C8E630587}.Debug|x86.Build.0 = Debug|Win32
		{E9FEEE0A-6113-4A79-ABA1-5B3C8E630587}.Release|x64.ActiveCfg = Release|x64
		{E9FEEE0A-6113-4A79-ABA1-5B3C8E630587}.Release|x64.Build.0 = Release|x64
		{E9FEEE0A-6113-4A79-ABA1-5B3C8E630587}.Release|x86.ActiveCfg = Release|Win32
		{E9FEEE0A-6113-4A79-ABA1-5B3C8E630587}.Release|x86.Build.0 = Release|Win32
		{F1B4E166-5AD9-4C0C-B85E-89E1AFA717B4}.Debug|x64.ActiveCfg = Debug
		{F1B4E166-5AD9-4C0C-B85E-89E1AFA717B4}.Debug|x86.ActiveCfg = Debug
		{F1B4E166-5AD9-4C0C-B85E-89E1AFA717B4}.Release|x64.ActiveCfg = Release
		{F1B4E166-5AD9-4C0C-B85E-89E1AFA717B4}.Release|x86.ActiveCfg = Release
	EndGlobalSection
	GlobalSection(SolutionProperties) = preSolution
		HideSolutionNode = FALSE
	EndGlobalSection
	GlobalSection(ExtensibilityGlobals) = postSolution
		SolutionGuid = {F45C441E-8B61-4AF1-A19D-0FF81AF3109B}
	EndGlobalSection
EndGlobal
